
Microsoft Visual Studio Solution File, Format Version 12.00
# Visual Studio Version 17
VisualStudioVersion = 17.8.34330.188
MinimumVisualStudioVersion = 10.0.40219.1
Project("{9A19103F-16F7-4668-BE54-9A1E7A4F7556}") = "Workaround", "Workaround\Workaround.csproj", "{4321D78B-AF4E-4FE4-AB91-D8463C74449D}"
EndProject
Project("{FAE04EC0-301F-11D3-BF4B-00C04F79EFBC}") = "Entities", "Entities\Entities.csproj", "{B810ADA1-7FB7-4505-A2F4-9754366B6AE4}"
EndProject
Project("{FAE04EC0-301F-11D3-BF4B-00C04F79EFBC}") = "Business", "Business\Business.csproj", "{B06FD485-B38F-4129-B9B4-778CA10BEFA3}"
EndProject
Global
	GlobalSection(SolutionConfigurationPlatforms) = preSolution
		Debug|Any CPU = Debug|Any CPU
		Release|Any CPU = Release|Any CPU
	EndGlobalSection
	GlobalSection(ProjectConfigurationPlatforms) = postSolution
		{4321D78B-AF4E-4FE4-AB91-D8463C74449D}.Debug|Any CPU.ActiveCfg = Debug|Any CPU
		{4321D78B-AF4E-4FE4-AB91-D8463C74449D}.Debug|Any CPU.Build.0 = Debug|Any CPU
		{4321D78B-AF4E-4FE4-AB91-D8463C74449D}.Release|Any CPU.ActiveCfg = Release|Any CPU
		{4321D78B-AF4E-4FE4-AB91-D8463C74449D}.Release|Any CPU.Build.0 = Release|Any CPU
		{B810ADA1-7FB7-4505-A2F4-9754366B6AE4}.Debug|Any CPU.ActiveCfg = Debug|Any CPU
		{B810ADA1-7FB7-4505-A2F4-9754366B6AE4}.Debug|Any CPU.Build.0 = Debug|Any CPU
		{B810ADA1-7FB7-4505-A2F4-9754366B6AE4}.Release|Any CPU.ActiveCfg = Release|Any CPU
		{B810ADA1-7FB7-4505-A2F4-9754366B6AE4}.Release|Any CPU.Build.0 = Release|Any CPU
		{B06FD485-B38F-4129-B9B4-778CA10BEFA3}.Debug|Any CPU.ActiveCfg = Debug|Any CPU
		{B06FD485-B38F-4129-B9B4-778CA10BEFA3}.Debug|Any CPU.Build.0 = Debug|Any CPU
		{B06FD485-B38F-4129-B9B4-778CA10BEFA3}.Release|Any CPU.ActiveCfg = Release|Any CPU
		{B06FD485-B38F-4129-B9B4-778CA10BEFA3}.Release|Any CPU.Build.0 = Release|Any CPU
	EndGlobalSection
	GlobalSection(SolutionProperties) = preSolution
		HideSolutionNode = FALSE
	EndGlobalSection
	GlobalSection(ExtensibilityGlobals) = postSolution
		SolutionGuid = {90F50623-1AF4-48E4-975B-058F2FC11FC9}
	EndGlobalSection
EndGlobal
